
Microsoft Visual Studio Solution File, Format Version 12.00
# Visual Studio Version 17
VisualStudioVersion = 17.0.31903.59
MinimumVisualStudioVersion = 10.0.40219.1
Project("{2150E333-8FDC-42A3-9474-1A3956D46DE8}") = "src", "src", "{7AC25458-F3F8-4EB4-A338-6E5EE80C16AE}"
EndProject
Project("{FAE04EC0-301F-11D3-BF4B-00C04F79EFBC}") = "RideSharing.Api", "src\RideSharing.Api\RideSharing.Api.csproj", "{9790FBC5-9633-4EC9-8B9A-96A9AA846A92}"
EndProject
Project("{FAE04EC0-301F-11D3-BF4B-00C04F79EFBC}") = "RideSharing.Application", "src\RideSharing.Application\RideSharing.Application.csproj", "{B5F44C64-67E0-4C26-84AB-2432007ADA40}"
EndProject
Project("{FAE04EC0-301F-11D3-BF4B-00C04F79EFBC}") = "RideSharing.Domain", "src\RideSharing.Domain\RideSharing.Domain.csproj", "{C424DB12-51AE-4EAB-8696-ECD46255C1CC}"
EndProject
Project("{FAE04EC0-301F-11D3-BF4B-00C04F79EFBC}") = "RideSharing.Infrastructure", "src\RideSharing.Infrastructure\RideSharing.Infrastructure.csproj", "{01859CF7-FBF3-4CC2-8FA3-C8715BE722CA}"
EndProject
Global
	GlobalSection(SolutionConfigurationPlatforms) = preSolution
		Debug|Any CPU = Debug|Any CPU
		Release|Any CPU = Release|Any CPU
	EndGlobalSection
	GlobalSection(SolutionProperties) = preSolution
		HideSolutionNode = FALSE
	EndGlobalSection
	GlobalSection(ProjectConfigurationPlatforms) = postSolution
		{9790FBC5-9633-4EC9-8B9A-96A9AA846A92}.Debug|Any CPU.ActiveCfg = Debug|Any CPU
		{9790FBC5-9633-4EC9-8B9A-96A9AA846A92}.Debug|Any CPU.Build.0 = Debug|Any CPU
		{9790FBC5-9633-4EC9-8B9A-96A9AA846A92}.Release|Any CPU.ActiveCfg = Release|Any CPU
		{9790FBC5-9633-4EC9-8B9A-96A9AA846A92}.Release|Any CPU.Build.0 = Release|Any CPU
		{B5F44C64-67E0-4C26-84AB-2432007ADA40}.Debug|Any CPU.ActiveCfg = Debug|Any CPU
		{B5F44C64-67E0-4C26-84AB-2432007ADA40}.Debug|Any CPU.Build.0 = Debug|Any CPU
		{B5F44C64-67E0-4C26-84AB-2432007ADA40}.Release|Any CPU.ActiveCfg = Release|Any CPU
		{B5F44C64-67E0-4C26-84AB-2432007ADA40}.Release|Any CPU.Build.0 = Release|Any CPU
		{C424DB12-51AE-4EAB-8696-ECD46255C1CC}.Debug|Any CPU.ActiveCfg = Debug|Any CPU
		{C424DB12-51AE-4EAB-8696-ECD46255C1CC}.Debug|Any CPU.Build.0 = Debug|Any CPU
		{C424DB12-51AE-4EAB-8696-ECD46255C1CC}.Release|Any CPU.ActiveCfg = Release|Any CPU
		{C424DB12-51AE-4EAB-8696-ECD46255C1CC}.Release|Any CPU.Build.0 = Release|Any CPU
		{01859CF7-FBF3-4CC2-8FA3-C8715BE722CA}.Debug|Any CPU.ActiveCfg = Debug|Any CPU
		{01859CF7-FBF3-4CC2-8FA3-C8715BE722CA}.Debug|Any CPU.Build.0 = Debug|Any CPU
		{01859CF7-FBF3-4CC2-8FA3-C8715BE722CA}.Release|Any CPU.ActiveCfg = Release|Any CPU
		{01859CF7-FBF3-4CC2-8FA3-C8715BE722CA}.Release|Any CPU.Build.0 = Release|Any CPU
	EndGlobalSection
	GlobalSection(NestedProjects) = preSolution
		{9790FBC5-9633-4EC9-8B9A-96A9AA846A92} = {7AC25458-F3F8-4EB4-A338-6E5EE80C16AE}
		{B5F44C64-67E0-4C26-84AB-2432007ADA40} = {7AC25458-F3F8-4EB4-A338-6E5EE80C16AE}
		{C424DB12-51AE-4EAB-8696-ECD46255C1CC} = {7AC25458-F3F8-4EB4-A338-6E5EE80C16AE}
		{01859CF7-FBF3-4CC2-8FA3-C8715BE722CA} = {7AC25458-F3F8-4EB4-A338-6E5EE80C16AE}
	EndGlobalSection
EndGlobal
